
Microsoft Visual Studio Solution File, Format Version 12.00
# Visual Studio Version 17
VisualStudioVersion = 17.10.35122.118
MinimumVisualStudioVersion = 10.0.40219.1
Project("{9A19103F-16F7-4668-BE54-9A1E7A4F7556}") = "MetInProximityBack", "MetInProximityBack\MetInProximityBack.csproj", "{05A7F439-9703-4C37-8D0A-146154AC18E3}"
EndProject
Project("{E53339B2-1760-4266-BCC7-CA923CBCF16C}") = "docker-compose", "docker-compose.dcproj", "{3D490E1B-C269-4F7B-8052-6FF60F29FD19}"
EndProject
Project("{9A19103F-16F7-4668-BE54-9A1E7A4F7556}") = "Metin.UnitTests", "..\Metin.UnitTests\Metin.UnitTests.csproj", "{B9813295-45D7-4A14-B9B4-756F12E5404A}"
EndProject
Project("{9A19103F-16F7-4668-BE54-9A1E7A4F7556}") = "Metin.IntergrationTests", "..\Metin.IntergrationTests\Metin.IntergrationTests.csproj", "{0AF5C350-8608-4E4A-8589-DA895CB53587}"
EndProject
Global
	GlobalSection(SolutionConfigurationPlatforms) = preSolution
		Debug|Any CPU = Debug|Any CPU
		Release|Any CPU = Release|Any CPU
	EndGlobalSection
	GlobalSection(ProjectConfigurationPlatforms) = postSolution
		{05A7F439-9703-4C37-8D0A-146154AC18E3}.Debug|Any CPU.ActiveCfg = Debug|Any CPU
		{05A7F439-9703-4C37-8D0A-146154AC18E3}.Debug|Any CPU.Build.0 = Debug|Any CPU
		{05A7F439-9703-4C37-8D0A-146154AC18E3}.Release|Any CPU.ActiveCfg = Release|Any CPU
		{05A7F439-9703-4C37-8D0A-146154AC18E3}.Release|Any CPU.Build.0 = Release|Any CPU
		{3D490E1B-C269-4F7B-8052-6FF60F29FD19}.Debug|Any CPU.ActiveCfg = Debug|Any CPU
		{3D490E1B-C269-4F7B-8052-6FF60F29FD19}.Debug|Any CPU.Build.0 = Debug|Any CPU
		{3D490E1B-C269-4F7B-8052-6FF60F29FD19}.Release|Any CPU.ActiveCfg = Release|Any CPU
		{3D490E1B-C269-4F7B-8052-6FF60F29FD19}.Release|Any CPU.Build.0 = Release|Any CPU
		{B9813295-45D7-4A14-B9B4-756F12E5404A}.Debug|Any CPU.ActiveCfg = Debug|Any CPU
		{B9813295-45D7-4A14-B9B4-756F12E5404A}.Debug|Any CPU.Build.0 = Debug|Any CPU
		{B9813295-45D7-4A14-B9B4-756F12E5404A}.Release|Any CPU.ActiveCfg = Release|Any CPU
		{B9813295-45D7-4A14-B9B4-756F12E5404A}.Release|Any CPU.Build.0 = Release|Any CPU
		{0AF5C350-8608-4E4A-8589-DA895CB53587}.Debug|Any CPU.ActiveCfg = Debug|Any CPU
		{0AF5C350-8608-4E4A-8589-DA895CB53587}.Debug|Any CPU.Build.0 = Debug|Any CPU
		{0AF5C350-8608-4E4A-8589-DA895CB53587}.Release|Any CPU.ActiveCfg = Release|Any CPU
		{0AF5C350-8608-4E4A-8589-DA895CB53587}.Release|Any CPU.Build.0 = Release|Any CPU
	EndGlobalSection
	GlobalSection(SolutionProperties) = preSolution
		HideSolutionNode = FALSE
	EndGlobalSection
	GlobalSection(ExtensibilityGlobals) = postSolution
		SolutionGuid = {75FA494B-E20A-4C6D-A7B3-D85C9415EA15}
	EndGlobalSection
EndGlobal
